
Microsoft Visual Studio Solution File, Format Version 12.00
# Visual Studio Version 17
VisualStudioVersion = 17.5.002.0
MinimumVisualStudioVersion = 10.0.40219.1
Project("{2150E333-8FDC-42A3-9474-1A3956D46DE8}") = "sandbox", "sandbox", "{AA7278A4-918B-45DC-95BC-180AED0A5701}"
EndProject
Project("{9A19103F-16F7-4668-BE54-9A1E7A4F7556}") = "sandbox_project", "sandbox\sandbox_project\sandbox_project.csproj", "{762EB029-726D-470F-A2B4-63ECFDF23658}"
EndProject
Project("{2150E333-8FDC-42A3-9474-1A3956D46DE8}") = "week01", "week01", "{B30DFCEA-67F6-4475-B0FB-EEE9FCEFBCAA}"
EndProject
Project("{9A19103F-16F7-4668-BE54-9A1E7A4F7556}") = "analyze", "week01\analyze\analyze.csproj", "{F2CABDA1-C724-4F55-9B66-855E6EFA9AEF}"
EndProject
Project("{9A19103F-16F7-4668-BE54-9A1E7A4F7556}") = "code", "week01\code\code.csproj", "{A70F0E24-BFA1-425E-AA4A-7DEBD5DFA08D}"
EndProject
Project("{9A19103F-16F7-4668-BE54-9A1E7A4F7556}") = "teach", "week01\teach\teach.csproj", "{FFC15570-A042-47DA-BFBC-CB90009849E3}"
EndProject
Project("{2150E333-8FDC-42A3-9474-1A3956D46DE8}") = "week02", "week02", "{9680955C-7070-4E3C-B3E9-45249ABF6185}"
EndProject
Project("{9A19103F-16F7-4668-BE54-9A1E7A4F7556}") = "analyze", "week02\analyze\analyze.csproj", "{3E26A21E-8228-4A83-91B0-44A0769472A7}"
EndProject
Project("{9A19103F-16F7-4668-BE54-9A1E7A4F7556}") = "code", "week02\code\code.csproj", "{D04E6811-DD59-4EE0-87DF-1640383D33DB}"
EndProject
Project("{9A19103F-16F7-4668-BE54-9A1E7A4F7556}") = "learn", "week02\learn\learn.csproj", "{9C3A7FFE-7E16-4079-89A2-3C125719AFC4}"
EndProject
Project("{9A19103F-16F7-4668-BE54-9A1E7A4F7556}") = "teach", "week02\teach\teach.csproj", "{FB982123-C79A-4BB0-AE14-833B8BD6E448}"
EndProject
Project("{2150E333-8FDC-42A3-9474-1A3956D46DE8}") = "week03", "week03", "{14ECED5A-59FF-4B46-91E2-3A6617CB5511}"
EndProject
Project("{9A19103F-16F7-4668-BE54-9A1E7A4F7556}") = "code", "week03\code\code.csproj", "{E76BDE9F-CABC-49A1-BBA9-218F28B4BC91}"
EndProject
Project("{9A19103F-16F7-4668-BE54-9A1E7A4F7556}") = "learn", "week03\learn\learn.csproj", "{C3A2AE7B-7662-428A-B6B5-306B7EA672AC}"
EndProject
Project("{9A19103F-16F7-4668-BE54-9A1E7A4F7556}") = "teach", "week03\teach\teach.csproj", "{8FE9D4DD-E95B-4F6A-BD5B-D227A064FE94}"
EndProject
Project("{2150E333-8FDC-42A3-9474-1A3956D46DE8}") = "week04", "week04", "{12772AB1-52EA-44DF-9FFC-DCBCED2A98D4}"
EndProject
Project("{9A19103F-16F7-4668-BE54-9A1E7A4F7556}") = "code", "week04\code\code.csproj", "{379B3A8F-A1FC-495D-98C3-DFECA3F3C059}"
EndProject
Project("{2150E333-8FDC-42A3-9474-1A3956D46DE8}") = "week05", "week05", "{2240566A-CDDA-4C52-800E-66EB93B73EA1}"
EndProject
Project("{9A19103F-16F7-4668-BE54-9A1E7A4F7556}") = "code", "week05\code\code.csproj", "{6BE5C177-5887-4588-AE2E-401463294320}"
EndProject
Project("{2150E333-8FDC-42A3-9474-1A3956D46DE8}") = "week06", "week06", "{15D0BB8F-566B-49DA-B366-10B6FEF889FD}"
EndProject
Project("{9A19103F-16F7-4668-BE54-9A1E7A4F7556}") = "code", "week06\code\code.csproj", "{878DD8A5-6FCD-4CB5-BB69-D270ACF5158A}"
EndProject
Global
	GlobalSection(SolutionConfigurationPlatforms) = preSolution
		Debug|Any CPU = Debug|Any CPU
		Release|Any CPU = Release|Any CPU
	EndGlobalSection
	GlobalSection(ProjectConfigurationPlatforms) = postSolution
		{762EB029-726D-470F-A2B4-63ECFDF23658}.Debug|Any CPU.ActiveCfg = Debug|Any CPU
		{762EB029-726D-470F-A2B4-63ECFDF23658}.Debug|Any CPU.Build.0 = Debug|Any CPU
		{762EB029-726D-470F-A2B4-63ECFDF23658}.Release|Any CPU.ActiveCfg = Release|Any CPU
		{762EB029-726D-470F-A2B4-63ECFDF23658}.Release|Any CPU.Build.0 = Release|Any CPU
		{F2CABDA1-C724-4F55-9B66-855E6EFA9AEF}.Debug|Any CPU.ActiveCfg = Debug|Any CPU
		{F2CABDA1-C724-4F55-9B66-855E6EFA9AEF}.Debug|Any CPU.Build.0 = Debug|Any CPU
		{F2CABDA1-C724-4F55-9B66-855E6EFA9AEF}.Release|Any CPU.ActiveCfg = Release|Any CPU
		{F2CABDA1-C724-4F55-9B66-855E6EFA9AEF}.Release|Any CPU.Build.0 = Release|Any CPU
		{A70F0E24-BFA1-425E-AA4A-7DEBD5DFA08D}.Debug|Any CPU.ActiveCfg = Debug|Any CPU
		{A70F0E24-BFA1-425E-AA4A-7DEBD5DFA08D}.Debug|Any CPU.Build.0 = Debug|Any CPU
		{A70F0E24-BFA1-425E-AA4A-7DEBD5DFA08D}.Release|Any CPU.ActiveCfg = Release|Any CPU
		{A70F0E24-BFA1-425E-AA4A-7DEBD5DFA08D}.Release|Any CPU.Build.0 = Release|Any CPU
		{FFC15570-A042-47DA-BFBC-CB90009849E3}.Debug|Any CPU.ActiveCfg = Debug|Any CPU
		{FFC15570-A042-47DA-BFBC-CB90009849E3}.Debug|Any CPU.Build.0 = Debug|Any CPU
		{FFC15570-A042-47DA-BFBC-CB90009849E3}.Release|Any CPU.ActiveCfg = Release|Any CPU
		{FFC15570-A042-47DA-BFBC-CB90009849E3}.Release|Any CPU.Build.0 = Release|Any CPU
		{3E26A21E-8228-4A83-91B0-44A0769472A7}.Debug|Any CPU.ActiveCfg = Debug|Any CPU
		{3E26A21E-8228-4A83-91B0-44A0769472A7}.Debug|Any CPU.Build.0 = Debug|Any CPU
		{3E26A21E-8228-4A83-91B0-44A0769472A7}.Release|Any CPU.ActiveCfg = Release|Any CPU
		{3E26A21E-8228-4A83-91B0-44A0769472A7}.Release|Any CPU.Build.0 = Release|Any CPU
		{D04E6811-DD59-4EE0-87DF-1640383D33DB}.Debug|Any CPU.ActiveCfg = Debug|Any CPU
		{D04E6811-DD59-4EE0-87DF-1640383D33DB}.Debug|Any CPU.Build.0 = Debug|Any CPU
		{D04E6811-DD59-4EE0-87DF-1640383D33DB}.Release|Any CPU.ActiveCfg = Release|Any CPU
		{D04E6811-DD59-4EE0-87DF-1640383D33DB}.Release|Any CPU.Build.0 = Release|Any CPU
		{9C3A7FFE-7E16-4079-89A2-3C125719AFC4}.Debug|Any CPU.ActiveCfg = Debug|Any CPU
		{9C3A7FFE-7E16-4079-89A2-3C125719AFC4}.Debug|Any CPU.Build.0 = Debug|Any CPU
		{9C3A7FFE-7E16-4079-89A2-3C125719AFC4}.Release|Any CPU.ActiveCfg = Release|Any CPU
		{9C3A7FFE-7E16-4079-89A2-3C125719AFC4}.Release|Any CPU.Build.0 = Release|Any CPU
		{FB982123-C79A-4BB0-AE14-833B8BD6E448}.Debug|Any CPU.ActiveCfg = Debug|Any CPU
		{FB982123-C79A-4BB0-AE14-833B8BD6E448}.Debug|Any CPU.Build.0 = Debug|Any CPU
		{FB982123-C79A-4BB0-AE14-833B8BD6E448}.Release|Any CPU.ActiveCfg = Release|Any CPU
		{FB982123-C79A-4BB0-AE14-833B8BD6E448}.Release|Any CPU.Build.0 = Release|Any CPU
		{E76BDE9F-CABC-49A1-BBA9-218F28B4BC91}.Debug|Any CPU.ActiveCfg = Debug|Any CPU
		{E76BDE9F-CABC-49A1-BBA9-218F28B4BC91}.Debug|Any CPU.Build.0 = Debug|Any CPU
		{E76BDE9F-CABC-49A1-BBA9-218F28B4BC91}.Release|Any CPU.ActiveCfg = Release|Any CPU
		{E76BDE9F-CABC-49A1-BBA9-218F28B4BC91}.Release|Any CPU.Build.0 = Release|Any CPU
		{C3A2AE7B-7662-428A-B6B5-306B7EA672AC}.Debug|Any CPU.ActiveCfg = Debug|Any CPU
		{C3A2AE7B-7662-428A-B6B5-306B7EA672AC}.Debug|Any CPU.Build.0 = Debug|Any CPU
		{C3A2AE7B-7662-428A-B6B5-306B7EA672AC}.Release|Any CPU.ActiveCfg = Release|Any CPU
		{C3A2AE7B-7662-428A-B6B5-306B7EA672AC}.Release|Any CPU.Build.0 = Release|Any CPU
		{8FE9D4DD-E95B-4F6A-BD5B-D227A064FE94}.Debug|Any CPU.ActiveCfg = Debug|Any CPU
		{8FE9D4DD-E95B-4F6A-BD5B-D227A064FE94}.Debug|Any CPU.Build.0 = Debug|Any CPU
		{8FE9D4DD-E95B-4F6A-BD5B-D227A064FE94}.Release|Any CPU.ActiveCfg = Release|Any CPU
		{8FE9D4DD-E95B-4F6A-BD5B-D227A064FE94}.Release|Any CPU.Build.0 = Release|Any CPU
		{379B3A8F-A1FC-495D-98C3-DFECA3F3C059}.Debug|Any CPU.ActiveCfg = Debug|Any CPU
		{379B3A8F-A1FC-495D-98C3-DFECA3F3C059}.Debug|Any CPU.Build.0 = Debug|Any CPU
		{379B3A8F-A1FC-495D-98C3-DFECA3F3C059}.Release|Any CPU.ActiveCfg = Release|Any CPU
		{379B3A8F-A1FC-495D-98C3-DFECA3F3C059}.Release|Any CPU.Build.0 = Release|Any CPU
		{6BE5C177-5887-4588-AE2E-401463294320}.Debug|Any CPU.ActiveCfg = Debug|Any CPU
		{6BE5C177-5887-4588-AE2E-401463294320}.Debug|Any CPU.Build.0 = Debug|Any CPU
		{6BE5C177-5887-4588-AE2E-401463294320}.Release|Any CPU.ActiveCfg = Release|Any CPU
		{6BE5C177-5887-4588-AE2E-401463294320}.Release|Any CPU.Build.0 = Release|Any CPU
		{878DD8A5-6FCD-4CB5-BB69-D270ACF5158A}.Debug|Any CPU.ActiveCfg = Debug|Any CPU
		{878DD8A5-6FCD-4CB5-BB69-D270ACF5158A}.Debug|Any CPU.Build.0 = Debug|Any CPU
		{878DD8A5-6FCD-4CB5-BB69-D270ACF5158A}.Release|Any CPU.ActiveCfg = Release|Any CPU
		{878DD8A5-6FCD-4CB5-BB69-D270ACF5158A}.Release|Any CPU.Build.0 = Release|Any CPU
	EndGlobalSection
	GlobalSection(SolutionProperties) = preSolution
		HideSolutionNode = FALSE
	EndGlobalSection
	GlobalSection(NestedProjects) = preSolution
		{762EB029-726D-470F-A2B4-63ECFDF23658} = {AA7278A4-918B-45DC-95BC-180AED0A5701}
		{F2CABDA1-C724-4F55-9B66-855E6EFA9AEF} = {B30DFCEA-67F6-4475-B0FB-EEE9FCEFBCAA}
		{A70F0E24-BFA1-425E-AA4A-7DEBD5DFA08D} = {B30DFCEA-67F6-4475-B0FB-EEE9FCEFBCAA}
		{FFC15570-A042-47DA-BFBC-CB90009849E3} = {B30DFCEA-67F6-4475-B0FB-EEE9FCEFBCAA}
		{3E26A21E-8228-4A83-91B0-44A0769472A7} = {9680955C-7070-4E3C-B3E9-45249ABF6185}
		{D04E6811-DD59-4EE0-87DF-1640383D33DB} = {9680955C-7070-4E3C-B3E9-45249ABF6185}
		{9C3A7FFE-7E16-4079-89A2-3C125719AFC4} = {9680955C-7070-4E3C-B3E9-45249ABF6185}
		{FB982123-C79A-4BB0-AE14-833B8BD6E448} = {9680955C-7070-4E3C-B3E9-45249ABF6185}
		{E76BDE9F-CABC-49A1-BBA9-218F28B4BC91} = {14ECED5A-59FF-4B46-91E2-3A6617CB5511}
		{C3A2AE7B-7662-428A-B6B5-306B7EA672AC} = {14ECED5A-59FF-4B46-91E2-3A6617CB5511}
		{8FE9D4DD-E95B-4F6A-BD5B-D227A064FE94} = {14ECED5A-59FF-4B46-91E2-3A6617CB5511}
		{379B3A8F-A1FC-495D-98C3-DFECA3F3C059} = {12772AB1-52EA-44DF-9FFC-DCBCED2A98D4}
		{6BE5C177-5887-4588-AE2E-401463294320} = {2240566A-CDDA-4C52-800E-66EB93B73EA1}
		{878DD8A5-6FCD-4CB5-BB69-D270ACF5158A} = {15D0BB8F-566B-49DA-B366-10B6FEF889FD}
	EndGlobalSection
	GlobalSection(ExtensibilityGlobals) = postSolution
		SolutionGuid = {9339FA6C-182D-44BB-A286-5CAED1D6570C}
	EndGlobalSection
EndGlobal
